// !$*UTF8*$!
{
	archiveVersion = 1;
	classes = {
	};
	objectVersion = 50;
	objects = {

/* Begin PBXBuildFile section */
		94AFDFE823C94EE700E1B920 /* AppDelegate.swift in Sources */ = {isa = PBXBuildFile; fileRef = 94AFDFE723C94EE700E1B920 /* AppDelegate.swift */; };
		94AFDFEA23C94EE700E1B920 /* ViewController.swift in Sources */ = {isa = PBXBuildFile; fileRef = 94AFDFE923C94EE700E1B920 /* ViewController.swift */; };
		94AFDFED23C94EE700E1B920 /* Main.storyboard in Resources */ = {isa = PBXBuildFile; fileRef = 94AFDFEB23C94EE700E1B920 /* Main.storyboard */; };
		94AFDFEF23C94EE800E1B920 /* Assets.xcassets in Resources */ = {isa = PBXBuildFile; fileRef = 94AFDFEE23C94EE800E1B920 /* Assets.xcassets */; };
		94AFDFF223C94EE800E1B920 /* LaunchScreen.storyboard in Resources */ = {isa = PBXBuildFile; fileRef = 94AFDFF023C94EE800E1B920 /* LaunchScreen.storyboard */; };
		94AFDFFA23C9519000E1B920 /* RgbViewController.swift in Sources */ = {isa = PBXBuildFile; fileRef = 94AFDFF923C9519000E1B920 /* RgbViewController.swift */; };
		94AFDFFC23C9525400E1B920 /* LightsViewController.swift in Sources */ = {isa = PBXBuildFile; fileRef = 94AFDFFB23C9525400E1B920 /* LightsViewController.swift */; };
/* End PBXBuildFile section */

/* Begin PBXFileReference section */
		94AFDFE423C94EE700E1B920 /* SwiftHomeWork 21.app */ = {isa = PBXFileReference; explicitFileType = wrapper.application; includeInIndex = 0; path = "SwiftHomeWork 21.app"; sourceTree = BUILT_PRODUCTS_DIR; };
		94AFDFE723C94EE700E1B920 /* AppDelegate.swift */ = {isa = PBXFileReference; lastKnownFileType = sourcecode.swift; path = AppDelegate.swift; sourceTree = "<group>"; };
		94AFDFE923C94EE700E1B920 /* ViewController.swift */ = {isa = PBXFileReference; lastKnownFileType = sourcecode.swift; path = ViewController.swift; sourceTree = "<group>"; };
		94AFDFEC23C94EE700E1B920 /* Base */ = {isa = PBXFileReference; lastKnownFileType = file.storyboard; name = Base; path = Base.lproj/Main.storyboard; sourceTree = "<group>"; };
		94AFDFEE23C94EE800E1B920 /* Assets.xcassets */ = {isa = PBXFileReference; lastKnownFileType = folder.assetcatalog; path = Assets.xcassets; sourceTree = "<group>"; };
		94AFDFF123C94EE800E1B920 /* Base */ = {isa = PBXFileReference; lastKnownFileType = file.storyboard; name = Base; path = Base.lproj/LaunchScreen.storyboard; sourceTree = "<group>"; };
		94AFDFF323C94EE800E1B920 /* Info.plist */ = {isa = PBXFileReference; lastKnownFileType = text.plist.xml; path = Info.plist; sourceTree = "<group>"; };
		94AFDFF923C9519000E1B920 /* RgbViewController.swift */ = {isa = PBXFileReference; lastKnownFileType = sourcecode.swift; path = RgbViewController.swift; sourceTree = "<group>"; };
		94AFDFFB23C9525400E1B920 /* LightsViewController.swift */ = {isa = PBXFileReference; lastKnownFileType = sourcecode.swift; path = LightsViewController.swift; sourceTree = "<group>"; };
/* End PBXFileReference section */

/* Begin PBXFrameworksBuildPhase section */
		94AFDFE123C94EE700E1B920 /* Frameworks */ = {
			isa = PBXFrameworksBuildPhase;
			buildActionMask = 2147483647;
			files = (
			);
			runOnlyForDeploymentPostprocessing = 0;
		};
/* End PBXFrameworksBuildPhase section */

/* Begin PBXGroup section */
		94AFDFDB23C94EE700E1B920 = {
			isa = PBXGroup;
			children = (
				94AFDFE623C94EE700E1B920 /* SwiftHomeWork 21 */,
				94AFDFE523C94EE700E1B920 /* Products */,
			);
			sourceTree = "<group>";
		};
		94AFDFE523C94EE700E1B920 /* Products */ = {
			isa = PBXGroup;
			children = (
				94AFDFE423C94EE700E1B920 /* SwiftHomeWork 21.app */,
			);
			name = Products;
			sourceTree = "<group>";
		};
		94AFDFE623C94EE700E1B920 /* SwiftHomeWork 21 */ = {
			isa = PBXGroup;
			children = (
				94AFDFE723C94EE700E1B920 /* AppDelegate.swift */,
				94AFDFE923C94EE700E1B920 /* ViewController.swift */,
				94AFDFFB23C9525400E1B920 /* LightsViewController.swift */,
				94AFDFF923C9519000E1B920 /* RgbViewController.swift */,
				94AFDFEB23C94EE700E1B920 /* Main.storyboard */,
				94AFDFEE23C94EE800E1B920 /* Assets.xcassets */,
				94AFDFF023C94EE800E1B920 /* LaunchScreen.storyboard */,
				94AFDFF323C94EE800E1B920 /* Info.plist */,
			);
			path = "SwiftHomeWork 21";
			sourceTree = "<group>";
		};
/* End PBXGroup section */

/* Begin PBXNativeTarget section */
		94AFDFE323C94EE700E1B920 /* SwiftHomeWork 21 */ = {
			isa = PBXNativeTarget;
			buildConfigurationList = 94AFDFF623C94EE800E1B920 /* Build configuration list for PBXNativeTarget "SwiftHomeWork 21" */;
			buildPhases = (
				94AFDFE023C94EE700E1B920 /* Sources */,
				94AFDFE123C94EE700E1B920 /* Frameworks */,
				94AFDFE223C94EE700E1B920 /* Resources */,
			);
			buildRules = (
			);
			dependencies = (
			);
			name = "SwiftHomeWork 21";
			productName = "SwiftHomeWork 21";
			productReference = 94AFDFE423C94EE700E1B920 /* SwiftHomeWork 21.app */;
			productType = "com.apple.product-type.application";
		};
/* End PBXNativeTarget section */

/* Begin PBXProject section */
		94AFDFDC23C94EE700E1B920 /* Project object */ = {
			isa = PBXProject;
			attributes = {
				LastSwiftUpdateCheck = 1030;
				LastUpgradeCheck = 1030;
				ORGANIZATIONNAME = "Максим";
				TargetAttributes = {
					94AFDFE323C94EE700E1B920 = {
						CreatedOnToolsVersion = 10.3;
					};
				};
			};
			buildConfigurationList = 94AFDFDF23C94EE700E1B920 /* Build configuration list for PBXProject "SwiftHomeWork 21" */;
			compatibilityVersion = "Xcode 9.3";
			developmentRegion = en;
			hasScannedForEncodings = 0;
			knownRegions = (
				en,
				Base,
			);
			mainGroup = 94AFDFDB23C94EE700E1B920;
			productRefGroup = 94AFDFE523C94EE700E1B920 /* Products */;
			projectDirPath = "";
			projectRoot = "";
			targets = (
				94AFDFE323C94EE700E1B920 /* SwiftHomeWork 21 */,
			);
		};
/* End PBXProject section */

/* Begin PBXResourcesBuildPhase section */
		94AFDFE223C94EE700E1B920 /* Resources */ = {
			isa = PBXResourcesBuildPhase;
			buildActionMask = 2147483647;
			files = (
				94AFDFF223C94EE800E1B920 /* LaunchScreen.storyboard in Resources */,
				94AFDFEF23C94EE800E1B920 /* Assets.xcassets in Resources */,
				94AFDFED23C94EE700E1B920 /* Main.storyboard in Resources */,
			);
			runOnlyForDeploymentPostprocessing = 0;
		};
/* End PBXResourcesBuildPhase section */

/* Begin PBXSourcesBuildPhase section */
		94AFDFE023C94EE700E1B920 /* Sources */ = {
			isa = PBXSourcesBuildPhase;
			buildActionMask = 2147483647;
			files = (
				94AFDFEA23C94EE700E1B920 /* ViewController.swift in Sources */,
				94AFDFE823C94EE700E1B920 /* AppDelegate.swift in Sources */,
				94AFDFFA23C9519000E1B920 /* RgbViewController.swift in Sources */,
				94AFDFFC23C9525400E1B920 /* LightsViewController.swift in Sources */,
			);
			runOnlyForDeploymentPostprocessing = 0;
		};
/* End PBXSourcesBuildPhase section */

/* Begin PBXVariantGroup section */
		94AFDFEB23C94EE700E1B920 /* Main.storyboard */ = {
			isa = PBXVariantGroup;
			children = (
				94AFDFEC23C94EE700E1B920 /* Base */,
			);
			name = Main.storyboard;
			sourceTree = "<group>";
		};
		94AFDFF023C94EE800E1B920 /* LaunchScreen.storyboard */ = {
			isa = PBXVariantGroup;
			children = (
				94AFDFF123C94EE800E1B920 /* Base */,
			);
			name = LaunchScreen.storyboard;
			sourceTree = "<group>";
		};
/* End PBXVariantGroup section */

/* Begin XCBuildConfiguration section */
		94AFDFF423C94EE800E1B920 /* Debug */ = {
			isa = XCBuildConfiguration;
			buildSettings = {
				ALWAYS_SEARCH_USER_PATHS = NO;
				CLANG_ANALYZER_NONNULL = YES;
				CLANG_ANALYZER_NUMBER_OBJECT_CONVERSION = YES_AGGRESSIVE;
				CLANG_CXX_LANGUAGE_STANDARD = "gnu++14";
				CLANG_CXX_LIBRARY = "libc++";
				CLANG_ENABLE_MODULES = YES;
				CLANG_ENABLE_OBJC_ARC = YES;
				CLANG_ENABLE_OBJC_WEAK = YES;
				CLANG_WARN_BLOCK_CAPTURE_AUTORELEASING = YES;
				CLANG_WARN_BOOL_CONVERSION = YES;
				CLANG_WARN_COMMA = YES;
				CLANG_WARN_CONSTANT_CONVERSION = YES;
				CLANG_WARN_DEPRECATED_OBJC_IMPLEMENTATIONS = YES;
				CLANG_WARN_DIRECT_OBJC_ISA_USAGE = YES_ERROR;
				CLANG_WARN_DOCUMENTATION_COMMENTS = YES;
				CLANG_WARN_EMPTY_BODY = YES;
				CLANG_WARN_ENUM_CONVERSION = YES;
				CLANG_WARN_INFINITE_RECURSION = YES;
				CLANG_WARN_INT_CONVERSION = YES;
				CLANG_WARN_NON_LITERAL_NULL_CONVERSION = YES;
				CLANG_WARN_OBJC_IMPLICIT_RETAIN_SELF = YES;
				CLANG_WARN_OBJC_LITERAL_CONVERSION = YES;
				CLANG_WARN_OBJC_ROOT_CLASS = YES_ERROR;
				CLANG_WARN_RANGE_LOOP_ANALYSIS = YES;
				CLANG_WARN_STRICT_PROTOTYPES = YES;
				CLANG_WARN_SUSPICIOUS_MOVE = YES;
				CLANG_WARN_UNGUARDED_AVAILABILITY = YES_AGGRESSIVE;
				CLANG_WARN_UNREACHABLE_CODE = YES;
				CLANG_WARN__DUPLICATE_METHOD_MATCH = YES;
				CODE_SIGN_IDENTITY = "iPhone Developer";
				COPY_PHASE_STRIP = NO;
				DEBUG_INFORMATION_FORMAT = dwarf;
				ENABLE_STRICT_OBJC_MSGSEND = YES;
				ENABLE_TESTABILITY = YES;
				GCC_C_LANGUAGE_STANDARD = gnu11;
				GCC_DYNAMIC_NO_PIC = NO;
				GCC_NO_COMMON_BLOCKS = YES;
				GCC_OPTIMIZATION_LEVEL = 0;
				GCC_PREPROCESSOR_DEFINITIONS = (
					"DEBUG=1",
					"$(inherited)",
				);
				GCC_WARN_64_TO_32_BIT_CONVERSION = YES;
				GCC_WARN_ABOUT_RETURN_TYPE = YES_ERROR;
				GCC_WARN_UNDECLARED_SELECTOR = YES;
				GCC_WARN_UNINITIALIZED_AUTOS = YES_AGGRESSIVE;
				GCC_WARN_UNUSED_FUNCTION = YES;
				GCC_WARN_UNUSED_VARIABLE = YES;
				IPHONEOS_DEPLOYMENT_TARGET = 12.4;
				MTL_ENABLE_DEBUG_INFO = INCLUDE_SOURCE;
				MTL_FAST_MATH = YES;
				ONLY_ACTIVE_ARCH = YES;
				SDKROOT = iphoneos;
				SWIFT_ACTIVE_COMPILATION_CONDITIONS = DEBUG;
				SWIFT_OPTIMIZATION_LEVEL = "-Onone";
			};
			name = Debug;
		};
		94AFDFF523C94EE800E1B920 /* Release */ = {
			isa = XCBuildConfiguration;
			buildSettings = {
				ALWAYS_SEARCH_USER_PATHS = NO;
				CLANG_ANALYZER_NONNULL = YES;
				CLANG_ANALYZER_NUMBER_OBJECT_CONVERSION = YES_AGGRESSIVE;
				CLANG_CXX_LANGUAGE_STANDARD = "gnu++14";
				CLANG_CXX_LIBRARY = "libc++";
				CLANG_ENABLE_MODULES = YES;
				CLANG_ENABLE_OBJC_ARC = YES;
				CLANG_ENABLE_OBJC_WEAK = YES;
				CLANG_WARN_BLOCK_CAPTURE_AUTORELEASING = YES;
				CLANG_WARN_BOOL_CONVERSION = YES;
				CLANG_WARN_COMMA = YES;
				CLANG_WARN_CONSTANT_CONVERSION = YES;
				CLANG_WARN_DEPRECATED_OBJC_IMPLEMENTATIONS = YES;
				CLANG_WARN_DIRECT_OBJC_ISA_USAGE = YES_ERROR;
				CLANG_WARN_DOCUMENTATION_COMMENTS = YES;
				CLANG_WARN_EMPTY_BODY = YES;
				CLANG_WARN_ENUM_CONVERSION = YES;
				CLANG_WARN_INFINITE_RECURSION = YES;
				CLANG_WARN_INT_CONVERSION = YES;
				CLANG_WARN_NON_LITERAL_NULL_CONVERSION = YES;
				CLANG_WARN_OBJC_IMPLICIT_RETAIN_SELF = YES;
				CLANG_WARN_OBJC_LITERAL_CONVERSION = YES;
				CLANG_WARN_OBJC_ROOT_CLASS = YES_ERROR;
				CLANG_WARN_RANGE_LOOP_ANALYSIS = YES;
				CLANG_WARN_STRICT_PROTOTYPES = YES;
				CLANG_WARN_SUSPICIOUS_MOVE = YES;
				CLANG_WARN_UNGUARDED_AVAILABILITY = YES_AGGRESSIVE;
				CLANG_WARN_UNREACHABLE_CODE = YES;
				CLANG_WARN__DUPLICATE_METHOD_MATCH = YES;
				CODE_SIGN_IDENTITY = "iPhone Developer";
				COPY_PHASE_STRIP = NO;
				DEBUG_INFORMATION_FORMAT = "dwarf-with-dsym";
				ENABLE_NS_ASSERTIONS = NO;
				ENABLE_STRICT_OBJC_MSGSEND = YES;
				GCC_C_LANGUAGE_STANDARD = gnu11;
				GCC_NO_COMMON_BLOCKS = YES;
				GCC_WARN_64_TO_32_BIT_CONVERSION = YES;
				GCC_WARN_ABOUT_RETURN_TYPE = YES_ERROR;
				GCC_WARN_UNDECLARED_SELECTOR = YES;
				GCC_WARN_UNINITIALIZED_AUTOS = YES_AGGRESSIVE;
				GCC_WARN_UNUSED_FUNCTION = YES;
				GCC_WARN_UNUSED_VARIABLE = YES;
				IPHONEOS_DEPLOYMENT_TARGET = 12.4;
				MTL_ENABLE_DEBUG_INFO = NO;
				MTL_FAST_MATH = YES;
				SDKROOT = iphoneos;
				SWIFT_COMPILATION_MODE = wholemodule;
				SWIFT_OPTIMIZATION_LEVEL = "-O";
				VALIDATE_PRODUCT = YES;
			};
			name = Release;
		};
		94AFDFF723C94EE800E1B920 /* Debug */ = {
			isa = XCBuildConfiguration;
			buildSettings = {
				ASSETCATALOG_COMPILER_APPICON_NAME = AppIcon;
				CODE_SIGN_STYLE = Automatic;
				INFOPLIST_FILE = "SwiftHomeWork 21/Info.plist";
				LD_RUNPATH_SEARCH_PATHS = (
					"$(inherited)",
					"@executable_path/Frameworks",
				);
				PRODUCT_BUNDLE_IDENTIFIER = "-.SwiftHomeWork-21";
				PRODUCT_NAME = "$(TARGET_NAME)";
				SWIFT_VERSION = 5.0;
				TARGETED_DEVICE_FAMILY = "1,2";
			};
			name = Debug;
		};
		94AFDFF823C94EE800E1B920 /* Release */ = {
			isa = XCBuildConfiguration;
			buildSettings = {
				ASSETCATALOG_COMPILER_APPICON_NAME = AppIcon;
				CODE_SIGN_STYLE = Automatic;
				INFOPLIST_FILE = "SwiftHomeWork 21/Info.plist";
				LD_RUNPATH_SEARCH_PATHS = (
					"$(inherited)",
					"@executable_path/Frameworks",
				);
				PRODUCT_BUNDLE_IDENTIFIER = "-.SwiftHomeWork-21";
				PRODUCT_NAME = "$(TARGET_NAME)";
				SWIFT_VERSION = 5.0;
				TARGETED_DEVICE_FAMILY = "1,2";
			};
			name = Release;
		};
/* End XCBuildConfiguration section */

/* Begin XCConfigurationList section */
		94AFDFDF23C94EE700E1B920 /* Build configuration list for PBXProject "SwiftHomeWork 21" */ = {
			isa = XCConfigurationList;
			buildConfigurations = (
				94AFDFF423C94EE800E1B920 /* Debug */,
				94AFDFF523C94EE800E1B920 /* Release */,
			);
			defaultConfigurationIsVisible = 0;
			defaultConfigurationName = Release;
		};
		94AFDFF623C94EE800E1B920 /* Build configuration list for PBXNativeTarget "SwiftHomeWork 21" */ = {
			isa = XCConfigurationList;
			buildConfigurations = (
				94AFDFF723C94EE800E1B920 /* Debug */,
				94AFDFF823C94EE800E1B920 /* Release */,
			);
			defaultConfigurationIsVisible = 0;
			defaultConfigurationName = Release;
		};
/* End XCConfigurationList section */
	};
	rootObject = 94AFDFDC23C94EE700E1B920 /* Project object */;
}
