// !$*UTF8*$!
{
	archiveVersion = 1;
	classes = {
	};
	objectVersion = 50;
	objects = {

/* Begin PBXBuildFile section */
		942EB8F523F1DC0A005CB15D /* GetQuestionsAndAnswers.swift in Sources */ = {isa = PBXBuildFile; fileRef = 942EB8F423F1DC0A005CB15D /* GetQuestionsAndAnswers.swift */; };
		946E4D9323E489050088C905 /* CorrectQuestionViewController.swift in Sources */ = {isa = PBXBuildFile; fileRef = 946E4D9223E489050088C905 /* CorrectQuestionViewController.swift */; };
		946E4D9523E489120088C905 /* EndGameViewController.swift in Sources */ = {isa = PBXBuildFile; fileRef = 946E4D9423E489120088C905 /* EndGameViewController.swift */; };
		946F2D7A23EDBC7100D384F4 /* CustomTableViewCell.swift in Sources */ = {isa = PBXBuildFile; fileRef = 946F2D7923EDBC7100D384F4 /* CustomTableViewCell.swift */; };
		946F2D7C23EDBE9700D384F4 /* ArchiveViewController.swift in Sources */ = {isa = PBXBuildFile; fileRef = 946F2D7B23EDBE9700D384F4 /* ArchiveViewController.swift */; };
		946F2D7E23EDD32B00D384F4 /* ArchiveDetailedViewController.swift in Sources */ = {isa = PBXBuildFile; fileRef = 946F2D7D23EDD32B00D384F4 /* ArchiveDetailedViewController.swift */; };
		9490A19B23D5D67200DD152D /* AppDelegate.swift in Sources */ = {isa = PBXBuildFile; fileRef = 9490A19A23D5D67200DD152D /* AppDelegate.swift */; };
		9490A19D23D5D67200DD152D /* ViewController.swift in Sources */ = {isa = PBXBuildFile; fileRef = 9490A19C23D5D67200DD152D /* ViewController.swift */; };
		9490A1A023D5D67200DD152D /* Main.storyboard in Resources */ = {isa = PBXBuildFile; fileRef = 9490A19E23D5D67200DD152D /* Main.storyboard */; };
		9490A1A223D5D67300DD152D /* Assets.xcassets in Resources */ = {isa = PBXBuildFile; fileRef = 9490A1A123D5D67300DD152D /* Assets.xcassets */; };
		9490A1A523D5D67300DD152D /* LaunchScreen.storyboard in Resources */ = {isa = PBXBuildFile; fileRef = 9490A1A323D5D67300DD152D /* LaunchScreen.storyboard */; };
		9490A1AD23D5D90300DD152D /* Questions.plist in Resources */ = {isa = PBXBuildFile; fileRef = 9490A1AC23D5D90300DD152D /* Questions.plist */; };
		9490A1AF23D5DAD300DD152D /* Answers.plist in Resources */ = {isa = PBXBuildFile; fileRef = 9490A1AE23D5DAD300DD152D /* Answers.plist */; };
		9490A1B123D5E19700DD152D /* QuestionViewController.swift in Sources */ = {isa = PBXBuildFile; fileRef = 9490A1B023D5E19700DD152D /* QuestionViewController.swift */; };
/* End PBXBuildFile section */

/* Begin PBXFileReference section */
		942EB8F423F1DC0A005CB15D /* GetQuestionsAndAnswers.swift */ = {isa = PBXFileReference; lastKnownFileType = sourcecode.swift; path = GetQuestionsAndAnswers.swift; sourceTree = "<group>"; };
		946E4D9223E489050088C905 /* CorrectQuestionViewController.swift */ = {isa = PBXFileReference; lastKnownFileType = sourcecode.swift; path = CorrectQuestionViewController.swift; sourceTree = "<group>"; };
		946E4D9423E489120088C905 /* EndGameViewController.swift */ = {isa = PBXFileReference; lastKnownFileType = sourcecode.swift; path = EndGameViewController.swift; sourceTree = "<group>"; };
		946F2D7923EDBC7100D384F4 /* CustomTableViewCell.swift */ = {isa = PBXFileReference; lastKnownFileType = sourcecode.swift; path = CustomTableViewCell.swift; sourceTree = "<group>"; };
		946F2D7B23EDBE9700D384F4 /* ArchiveViewController.swift */ = {isa = PBXFileReference; lastKnownFileType = sourcecode.swift; path = ArchiveViewController.swift; sourceTree = "<group>"; };
		946F2D7D23EDD32B00D384F4 /* ArchiveDetailedViewController.swift */ = {isa = PBXFileReference; lastKnownFileType = sourcecode.swift; path = ArchiveDetailedViewController.swift; sourceTree = "<group>"; };
		9490A19723D5D67200DD152D /* WhoWantsToBeMillionaire.app */ = {isa = PBXFileReference; explicitFileType = wrapper.application; includeInIndex = 0; path = WhoWantsToBeMillionaire.app; sourceTree = BUILT_PRODUCTS_DIR; };
		9490A19A23D5D67200DD152D /* AppDelegate.swift */ = {isa = PBXFileReference; lastKnownFileType = sourcecode.swift; path = AppDelegate.swift; sourceTree = "<group>"; };
		9490A19C23D5D67200DD152D /* ViewController.swift */ = {isa = PBXFileReference; lastKnownFileType = sourcecode.swift; path = ViewController.swift; sourceTree = "<group>"; };
		9490A19F23D5D67200DD152D /* Base */ = {isa = PBXFileReference; lastKnownFileType = file.storyboard; name = Base; path = Base.lproj/Main.storyboard; sourceTree = "<group>"; };
		9490A1A123D5D67300DD152D /* Assets.xcassets */ = {isa = PBXFileReference; lastKnownFileType = folder.assetcatalog; path = Assets.xcassets; sourceTree = "<group>"; };
		9490A1A423D5D67300DD152D /* Base */ = {isa = PBXFileReference; lastKnownFileType = file.storyboard; name = Base; path = Base.lproj/LaunchScreen.storyboard; sourceTree = "<group>"; };
		9490A1A623D5D67300DD152D /* Info.plist */ = {isa = PBXFileReference; lastKnownFileType = text.plist.xml; path = Info.plist; sourceTree = "<group>"; };
		9490A1AC23D5D90300DD152D /* Questions.plist */ = {isa = PBXFileReference; lastKnownFileType = text.plist.xml; path = Questions.plist; sourceTree = "<group>"; };
		9490A1AE23D5DAD300DD152D /* Answers.plist */ = {isa = PBXFileReference; lastKnownFileType = text.plist.xml; path = Answers.plist; sourceTree = "<group>"; };
		9490A1B023D5E19700DD152D /* QuestionViewController.swift */ = {isa = PBXFileReference; lastKnownFileType = sourcecode.swift; path = QuestionViewController.swift; sourceTree = "<group>"; };
/* End PBXFileReference section */

/* Begin PBXFrameworksBuildPhase section */
		9490A19423D5D67200DD152D /* Frameworks */ = {
			isa = PBXFrameworksBuildPhase;
			buildActionMask = 2147483647;
			files = (
			);
			runOnlyForDeploymentPostprocessing = 0;
		};
/* End PBXFrameworksBuildPhase section */

/* Begin PBXGroup section */
		942EB8F023F1DADD005CB15D /* Model */ = {
			isa = PBXGroup;
			children = (
			);
			path = Model;
			sourceTree = "<group>";
		};
		942EB8F223F1DAFB005CB15D /* View */ = {
			isa = PBXGroup;
			children = (
				9490A19C23D5D67200DD152D /* ViewController.swift */,
				9490A1B023D5E19700DD152D /* QuestionViewController.swift */,
				946E4D9423E489120088C905 /* EndGameViewController.swift */,
				946E4D9223E489050088C905 /* CorrectQuestionViewController.swift */,
				946F2D7923EDBC7100D384F4 /* CustomTableViewCell.swift */,
				946F2D7B23EDBE9700D384F4 /* ArchiveViewController.swift */,
				946F2D7D23EDD32B00D384F4 /* ArchiveDetailedViewController.swift */,
			);
			path = View;
			sourceTree = "<group>";
		};
		942EB8F323F1DB01005CB15D /* Controller */ = {
			isa = PBXGroup;
			children = (
				942EB8F423F1DC0A005CB15D /* GetQuestionsAndAnswers.swift */,
			);
			path = Controller;
			sourceTree = "<group>";
		};
		9490A18E23D5D67200DD152D = {
			isa = PBXGroup;
			children = (
				9490A19923D5D67200DD152D /* WhoWantsToBeMillionaire */,
				9490A19823D5D67200DD152D /* Products */,
			);
			sourceTree = "<group>";
		};
		9490A19823D5D67200DD152D /* Products */ = {
			isa = PBXGroup;
			children = (
				9490A19723D5D67200DD152D /* WhoWantsToBeMillionaire.app */,
			);
			name = Products;
			sourceTree = "<group>";
		};
		9490A19923D5D67200DD152D /* WhoWantsToBeMillionaire */ = {
			isa = PBXGroup;
			children = (
				942EB8F323F1DB01005CB15D /* Controller */,
				942EB8F223F1DAFB005CB15D /* View */,
				942EB8F023F1DADD005CB15D /* Model */,
				9490A19A23D5D67200DD152D /* AppDelegate.swift */,
				9490A19E23D5D67200DD152D /* Main.storyboard */,
				9490A1A123D5D67300DD152D /* Assets.xcassets */,
				9490A1A323D5D67300DD152D /* LaunchScreen.storyboard */,
				9490A1A623D5D67300DD152D /* Info.plist */,
				9490A1AC23D5D90300DD152D /* Questions.plist */,
				9490A1AE23D5DAD300DD152D /* Answers.plist */,
			);
			path = WhoWantsToBeMillionaire;
			sourceTree = "<group>";
		};
/* End PBXGroup section */

/* Begin PBXNativeTarget section */
		9490A19623D5D67200DD152D /* WhoWantsToBeMillionaire */ = {
			isa = PBXNativeTarget;
			buildConfigurationList = 9490A1A923D5D67300DD152D /* Build configuration list for PBXNativeTarget "WhoWantsToBeMillionaire" */;
			buildPhases = (
				9490A19323D5D67200DD152D /* Sources */,
				9490A19423D5D67200DD152D /* Frameworks */,
				9490A19523D5D67200DD152D /* Resources */,
			);
			buildRules = (
			);
			dependencies = (
			);
			name = WhoWantsToBeMillionaire;
			productName = WhoWantsToBeMillionaire;
			productReference = 9490A19723D5D67200DD152D /* WhoWantsToBeMillionaire.app */;
			productType = "com.apple.product-type.application";
		};
/* End PBXNativeTarget section */

/* Begin PBXProject section */
		9490A18F23D5D67200DD152D /* Project object */ = {
			isa = PBXProject;
			attributes = {
				LastSwiftUpdateCheck = 1030;
				LastUpgradeCheck = 1030;
				ORGANIZATIONNAME = "Максим";
				TargetAttributes = {
					9490A19623D5D67200DD152D = {
						CreatedOnToolsVersion = 10.3;
					};
				};
			};
			buildConfigurationList = 9490A19223D5D67200DD152D /* Build configuration list for PBXProject "WhoWantsToBeMillionaire" */;
			compatibilityVersion = "Xcode 9.3";
			developmentRegion = en;
			hasScannedForEncodings = 0;
			knownRegions = (
				en,
				Base,
			);
			mainGroup = 9490A18E23D5D67200DD152D;
			productRefGroup = 9490A19823D5D67200DD152D /* Products */;
			projectDirPath = "";
			projectRoot = "";
			targets = (
				9490A19623D5D67200DD152D /* WhoWantsToBeMillionaire */,
			);
		};
/* End PBXProject section */

/* Begin PBXResourcesBuildPhase section */
		9490A19523D5D67200DD152D /* Resources */ = {
			isa = PBXResourcesBuildPhase;
			buildActionMask = 2147483647;
			files = (
				9490A1AD23D5D90300DD152D /* Questions.plist in Resources */,
				9490A1A523D5D67300DD152D /* LaunchScreen.storyboard in Resources */,
				9490A1A223D5D67300DD152D /* Assets.xcassets in Resources */,
				9490A1AF23D5DAD300DD152D /* Answers.plist in Resources */,
				9490A1A023D5D67200DD152D /* Main.storyboard in Resources */,
			);
			runOnlyForDeploymentPostprocessing = 0;
		};
/* End PBXResourcesBuildPhase section */

/* Begin PBXSourcesBuildPhase section */
		9490A19323D5D67200DD152D /* Sources */ = {
			isa = PBXSourcesBuildPhase;
			buildActionMask = 2147483647;
			files = (
				9490A19D23D5D67200DD152D /* ViewController.swift in Sources */,
				9490A19B23D5D67200DD152D /* AppDelegate.swift in Sources */,
				946E4D9523E489120088C905 /* EndGameViewController.swift in Sources */,
				946F2D7E23EDD32B00D384F4 /* ArchiveDetailedViewController.swift in Sources */,
				942EB8F523F1DC0A005CB15D /* GetQuestionsAndAnswers.swift in Sources */,
				946F2D7A23EDBC7100D384F4 /* CustomTableViewCell.swift in Sources */,
				9490A1B123D5E19700DD152D /* QuestionViewController.swift in Sources */,
				946E4D9323E489050088C905 /* CorrectQuestionViewController.swift in Sources */,
				946F2D7C23EDBE9700D384F4 /* ArchiveViewController.swift in Sources */,
			);
			runOnlyForDeploymentPostprocessing = 0;
		};
/* End PBXSourcesBuildPhase section */

/* Begin PBXVariantGroup section */
		9490A19E23D5D67200DD152D /* Main.storyboard */ = {
			isa = PBXVariantGroup;
			children = (
				9490A19F23D5D67200DD152D /* Base */,
			);
			name = Main.storyboard;
			sourceTree = "<group>";
		};
		9490A1A323D5D67300DD152D /* LaunchScreen.storyboard */ = {
			isa = PBXVariantGroup;
			children = (
				9490A1A423D5D67300DD152D /* Base */,
			);
			name = LaunchScreen.storyboard;
			sourceTree = "<group>";
		};
/* End PBXVariantGroup section */

/* Begin XCBuildConfiguration section */
		9490A1A723D5D67300DD152D /* Debug */ = {
			isa = XCBuildConfiguration;
			buildSettings = {
				ALWAYS_SEARCH_USER_PATHS = NO;
				CLANG_ANALYZER_NONNULL = YES;
				CLANG_ANALYZER_NUMBER_OBJECT_CONVERSION = YES_AGGRESSIVE;
				CLANG_CXX_LANGUAGE_STANDARD = "gnu++14";
				CLANG_CXX_LIBRARY = "libc++";
				CLANG_ENABLE_MODULES = YES;
				CLANG_ENABLE_OBJC_ARC = YES;
				CLANG_ENABLE_OBJC_WEAK = YES;
				CLANG_WARN_BLOCK_CAPTURE_AUTORELEASING = YES;
				CLANG_WARN_BOOL_CONVERSION = YES;
				CLANG_WARN_COMMA = YES;
				CLANG_WARN_CONSTANT_CONVERSION = YES;
				CLANG_WARN_DEPRECATED_OBJC_IMPLEMENTATIONS = YES;
				CLANG_WARN_DIRECT_OBJC_ISA_USAGE = YES_ERROR;
				CLANG_WARN_DOCUMENTATION_COMMENTS = YES;
				CLANG_WARN_EMPTY_BODY = YES;
				CLANG_WARN_ENUM_CONVERSION = YES;
				CLANG_WARN_INFINITE_RECURSION = YES;
				CLANG_WARN_INT_CONVERSION = YES;
				CLANG_WARN_NON_LITERAL_NULL_CONVERSION = YES;
				CLANG_WARN_OBJC_IMPLICIT_RETAIN_SELF = YES;
				CLANG_WARN_OBJC_LITERAL_CONVERSION = YES;
				CLANG_WARN_OBJC_ROOT_CLASS = YES_ERROR;
				CLANG_WARN_RANGE_LOOP_ANALYSIS = YES;
				CLANG_WARN_STRICT_PROTOTYPES = YES;
				CLANG_WARN_SUSPICIOUS_MOVE = YES;
				CLANG_WARN_UNGUARDED_AVAILABILITY = YES_AGGRESSIVE;
				CLANG_WARN_UNREACHABLE_CODE = YES;
				CLANG_WARN__DUPLICATE_METHOD_MATCH = YES;
				CODE_SIGN_IDENTITY = "iPhone Developer";
				COPY_PHASE_STRIP = NO;
				DEBUG_INFORMATION_FORMAT = dwarf;
				ENABLE_STRICT_OBJC_MSGSEND = YES;
				ENABLE_TESTABILITY = YES;
				GCC_C_LANGUAGE_STANDARD = gnu11;
				GCC_DYNAMIC_NO_PIC = NO;
				GCC_NO_COMMON_BLOCKS = YES;
				GCC_OPTIMIZATION_LEVEL = 0;
				GCC_PREPROCESSOR_DEFINITIONS = (
					"DEBUG=1",
					"$(inherited)",
				);
				GCC_WARN_64_TO_32_BIT_CONVERSION = YES;
				GCC_WARN_ABOUT_RETURN_TYPE = YES_ERROR;
				GCC_WARN_UNDECLARED_SELECTOR = YES;
				GCC_WARN_UNINITIALIZED_AUTOS = YES_AGGRESSIVE;
				GCC_WARN_UNUSED_FUNCTION = YES;
				GCC_WARN_UNUSED_VARIABLE = YES;
				IPHONEOS_DEPLOYMENT_TARGET = 12.4;
				MTL_ENABLE_DEBUG_INFO = INCLUDE_SOURCE;
				MTL_FAST_MATH = YES;
				ONLY_ACTIVE_ARCH = YES;
				SDKROOT = iphoneos;
				SWIFT_ACTIVE_COMPILATION_CONDITIONS = DEBUG;
				SWIFT_OPTIMIZATION_LEVEL = "-Onone";
			};
			name = Debug;
		};
		9490A1A823D5D67300DD152D /* Release */ = {
			isa = XCBuildConfiguration;
			buildSettings = {
				ALWAYS_SEARCH_USER_PATHS = NO;
				CLANG_ANALYZER_NONNULL = YES;
				CLANG_ANALYZER_NUMBER_OBJECT_CONVERSION = YES_AGGRESSIVE;
				CLANG_CXX_LANGUAGE_STANDARD = "gnu++14";
				CLANG_CXX_LIBRARY = "libc++";
				CLANG_ENABLE_MODULES = YES;
				CLANG_ENABLE_OBJC_ARC = YES;
				CLANG_ENABLE_OBJC_WEAK = YES;
				CLANG_WARN_BLOCK_CAPTURE_AUTORELEASING = YES;
				CLANG_WARN_BOOL_CONVERSION = YES;
				CLANG_WARN_COMMA = YES;
				CLANG_WARN_CONSTANT_CONVERSION = YES;
				CLANG_WARN_DEPRECATED_OBJC_IMPLEMENTATIONS = YES;
				CLANG_WARN_DIRECT_OBJC_ISA_USAGE = YES_ERROR;
				CLANG_WARN_DOCUMENTATION_COMMENTS = YES;
				CLANG_WARN_EMPTY_BODY = YES;
				CLANG_WARN_ENUM_CONVERSION = YES;
				CLANG_WARN_INFINITE_RECURSION = YES;
				CLANG_WARN_INT_CONVERSION = YES;
				CLANG_WARN_NON_LITERAL_NULL_CONVERSION = YES;
				CLANG_WARN_OBJC_IMPLICIT_RETAIN_SELF = YES;
				CLANG_WARN_OBJC_LITERAL_CONVERSION = YES;
				CLANG_WARN_OBJC_ROOT_CLASS = YES_ERROR;
				CLANG_WARN_RANGE_LOOP_ANALYSIS = YES;
				CLANG_WARN_STRICT_PROTOTYPES = YES;
				CLANG_WARN_SUSPICIOUS_MOVE = YES;
				CLANG_WARN_UNGUARDED_AVAILABILITY = YES_AGGRESSIVE;
				CLANG_WARN_UNREACHABLE_CODE = YES;
				CLANG_WARN__DUPLICATE_METHOD_MATCH = YES;
				CODE_SIGN_IDENTITY = "iPhone Developer";
				COPY_PHASE_STRIP = NO;
				DEBUG_INFORMATION_FORMAT = "dwarf-with-dsym";
				ENABLE_NS_ASSERTIONS = NO;
				ENABLE_STRICT_OBJC_MSGSEND = YES;
				GCC_C_LANGUAGE_STANDARD = gnu11;
				GCC_NO_COMMON_BLOCKS = YES;
				GCC_WARN_64_TO_32_BIT_CONVERSION = YES;
				GCC_WARN_ABOUT_RETURN_TYPE = YES_ERROR;
				GCC_WARN_UNDECLARED_SELECTOR = YES;
				GCC_WARN_UNINITIALIZED_AUTOS = YES_AGGRESSIVE;
				GCC_WARN_UNUSED_FUNCTION = YES;
				GCC_WARN_UNUSED_VARIABLE = YES;
				IPHONEOS_DEPLOYMENT_TARGET = 12.4;
				MTL_ENABLE_DEBUG_INFO = NO;
				MTL_FAST_MATH = YES;
				SDKROOT = iphoneos;
				SWIFT_COMPILATION_MODE = wholemodule;
				SWIFT_OPTIMIZATION_LEVEL = "-O";
				VALIDATE_PRODUCT = YES;
			};
			name = Release;
		};
		9490A1AA23D5D67300DD152D /* Debug */ = {
			isa = XCBuildConfiguration;
			buildSettings = {
				ASSETCATALOG_COMPILER_APPICON_NAME = AppIcon;
				CODE_SIGN_STYLE = Automatic;
				INFOPLIST_FILE = WhoWantsToBeMillionaire/Info.plist;
				LD_RUNPATH_SEARCH_PATHS = (
					"$(inherited)",
					"@executable_path/Frameworks",
				);
				PRODUCT_BUNDLE_IDENTIFIER = "-.WhoWantsToBeMillionaire";
				PRODUCT_NAME = "$(TARGET_NAME)";
				SWIFT_VERSION = 5.0;
				TARGETED_DEVICE_FAMILY = "1,2";
			};
			name = Debug;
		};
		9490A1AB23D5D67300DD152D /* Release */ = {
			isa = XCBuildConfiguration;
			buildSettings = {
				ASSETCATALOG_COMPILER_APPICON_NAME = AppIcon;
				CODE_SIGN_STYLE = Automatic;
				INFOPLIST_FILE = WhoWantsToBeMillionaire/Info.plist;
				LD_RUNPATH_SEARCH_PATHS = (
					"$(inherited)",
					"@executable_path/Frameworks",
				);
				PRODUCT_BUNDLE_IDENTIFIER = "-.WhoWantsToBeMillionaire";
				PRODUCT_NAME = "$(TARGET_NAME)";
				SWIFT_VERSION = 5.0;
				TARGETED_DEVICE_FAMILY = "1,2";
			};
			name = Release;
		};
/* End XCBuildConfiguration section */

/* Begin XCConfigurationList section */
		9490A19223D5D67200DD152D /* Build configuration list for PBXProject "WhoWantsToBeMillionaire" */ = {
			isa = XCConfigurationList;
			buildConfigurations = (
				9490A1A723D5D67300DD152D /* Debug */,
				9490A1A823D5D67300DD152D /* Release */,
			);
			defaultConfigurationIsVisible = 0;
			defaultConfigurationName = Release;
		};
		9490A1A923D5D67300DD152D /* Build configuration list for PBXNativeTarget "WhoWantsToBeMillionaire" */ = {
			isa = XCConfigurationList;
			buildConfigurations = (
				9490A1AA23D5D67300DD152D /* Debug */,
				9490A1AB23D5D67300DD152D /* Release */,
			);
			defaultConfigurationIsVisible = 0;
			defaultConfigurationName = Release;
		};
/* End XCConfigurationList section */
	};
	rootObject = 9490A18F23D5D67200DD152D /* Project object */;
}
